// !$*UTF8*$!
{
	archiveVersion = 1;
	classes = {
	};
	objectVersion = 56;
	objects = {

/* Begin PBXBuildFile section */
		2E1016E72C46DA6C00D8933B /* FitallyApp.swift in Sources */ = {isa = PBXBuildFile; fileRef = 2E1016E62C46DA6C00D8933B /* FitallyApp.swift */; };
		2E1016E92C46DA6C00D8933B /* MainView.swift in Sources */ = {isa = PBXBuildFile; fileRef = 2E1016E82C46DA6C00D8933B /* MainView.swift */; };
		2E1016EB2C46DA6E00D8933B /* Assets.xcassets in Resources */ = {isa = PBXBuildFile; fileRef = 2E1016EA2C46DA6E00D8933B /* Assets.xcassets */; };
		2E1016EE2C46DA6E00D8933B /* Preview Assets.xcassets in Resources */ = {isa = PBXBuildFile; fileRef = 2E1016ED2C46DA6E00D8933B /* Preview Assets.xcassets */; };
		2E1016F72C46DB8F00D8933B /* AddWorkoutView.swift in Sources */ = {isa = PBXBuildFile; fileRef = 2E1016F62C46DB8F00D8933B /* AddWorkoutView.swift */; };
		2E1016F92C46DB9D00D8933B /* Workout.swift in Sources */ = {isa = PBXBuildFile; fileRef = 2E1016F82C46DB9D00D8933B /* Workout.swift */; };
		2E1016FD2C46DFDA00D8933B /* ProgressView.swift in Sources */ = {isa = PBXBuildFile; fileRef = 2E1016FC2C46DFDA00D8933B /* ProgressView.swift */; };
		2E1016FF2C46F0DF00D8933B /* WorkoutView.swift in Sources */ = {isa = PBXBuildFile; fileRef = 2E1016FE2C46F0DF00D8933B /* WorkoutView.swift */; };
		2E1017012C48202700D8933B /* ExerciseView.swift in Sources */ = {isa = PBXBuildFile; fileRef = 2E1017002C48202700D8933B /* ExerciseView.swift */; };
		2E1017032C482A3A00D8933B /* ExerciseInfoView.swift in Sources */ = {isa = PBXBuildFile; fileRef = 2E1017022C482A3A00D8933B /* ExerciseInfoView.swift */; };
		2E10170A2C5C04C300D8933B /* FirebaseAnalytics in Frameworks */ = {isa = PBXBuildFile; productRef = 2E1017092C5C04C300D8933B /* FirebaseAnalytics */; };
		2E10170C2C5C04C300D8933B /* FirebaseAnalyticsOnDeviceConversion in Frameworks */ = {isa = PBXBuildFile; productRef = 2E10170B2C5C04C300D8933B /* FirebaseAnalyticsOnDeviceConversion */; };
		2E10170E2C5C04C300D8933B /* FirebaseAnalyticsWithoutAdIdSupport in Frameworks */ = {isa = PBXBuildFile; productRef = 2E10170D2C5C04C300D8933B /* FirebaseAnalyticsWithoutAdIdSupport */; };
		2E1017102C5C04C300D8933B /* FirebaseAppCheck in Frameworks */ = {isa = PBXBuildFile; productRef = 2E10170F2C5C04C300D8933B /* FirebaseAppCheck */; };
		2E1017122C5C04C300D8933B /* FirebaseAppDistribution-Beta in Frameworks */ = {isa = PBXBuildFile; productRef = 2E1017112C5C04C300D8933B /* FirebaseAppDistribution-Beta */; };
		2E1017142C5C04C300D8933B /* FirebaseAuth in Frameworks */ = {isa = PBXBuildFile; productRef = 2E1017132C5C04C300D8933B /* FirebaseAuth */; };
		2E1017162C5C04C300D8933B /* FirebaseAuthCombine-Community in Frameworks */ = {isa = PBXBuildFile; productRef = 2E1017152C5C04C300D8933B /* FirebaseAuthCombine-Community */; };
		2E1017182C5C04C300D8933B /* FirebaseCrashlytics in Frameworks */ = {isa = PBXBuildFile; productRef = 2E1017172C5C04C300D8933B /* FirebaseCrashlytics */; };
		2E10171A2C5C04C300D8933B /* FirebaseDatabase in Frameworks */ = {isa = PBXBuildFile; productRef = 2E1017192C5C04C300D8933B /* FirebaseDatabase */; };
		2E10171C2C5C04C300D8933B /* FirebaseDynamicLinks in Frameworks */ = {isa = PBXBuildFile; productRef = 2E10171B2C5C04C300D8933B /* FirebaseDynamicLinks */; };
		2E10171E2C5C04C300D8933B /* FirebaseFirestore in Frameworks */ = {isa = PBXBuildFile; productRef = 2E10171D2C5C04C300D8933B /* FirebaseFirestore */; };
		2E1017202C5C04C300D8933B /* FirebaseFirestoreCombine-Community in Frameworks */ = {isa = PBXBuildFile; productRef = 2E10171F2C5C04C300D8933B /* FirebaseFirestoreCombine-Community */; };
		2E1017222C5C04C300D8933B /* FirebaseFunctions in Frameworks */ = {isa = PBXBuildFile; productRef = 2E1017212C5C04C300D8933B /* FirebaseFunctions */; };
		2E1017242C5C04C300D8933B /* FirebaseFunctionsCombine-Community in Frameworks */ = {isa = PBXBuildFile; productRef = 2E1017232C5C04C300D8933B /* FirebaseFunctionsCombine-Community */; };
		2E1017262C5C04C300D8933B /* FirebaseInAppMessaging-Beta in Frameworks */ = {isa = PBXBuildFile; productRef = 2E1017252C5C04C300D8933B /* FirebaseInAppMessaging-Beta */; };
		2E1017282C5C04C300D8933B /* FirebaseInstallations in Frameworks */ = {isa = PBXBuildFile; productRef = 2E1017272C5C04C300D8933B /* FirebaseInstallations */; };
		2E10172A2C5C04C300D8933B /* FirebaseMLModelDownloader in Frameworks */ = {isa = PBXBuildFile; productRef = 2E1017292C5C04C300D8933B /* FirebaseMLModelDownloader */; };
		2E10172C2C5C04C300D8933B /* FirebaseMessaging in Frameworks */ = {isa = PBXBuildFile; productRef = 2E10172B2C5C04C300D8933B /* FirebaseMessaging */; };
		2E10172E2C5C04C300D8933B /* FirebasePerformance in Frameworks */ = {isa = PBXBuildFile; productRef = 2E10172D2C5C04C300D8933B /* FirebasePerformance */; };
		2E1017302C5C04C300D8933B /* FirebaseRemoteConfig in Frameworks */ = {isa = PBXBuildFile; productRef = 2E10172F2C5C04C300D8933B /* FirebaseRemoteConfig */; };
		2E1017322C5C04C300D8933B /* FirebaseStorage in Frameworks */ = {isa = PBXBuildFile; productRef = 2E1017312C5C04C300D8933B /* FirebaseStorage */; };
		2E1017342C5C04C300D8933B /* FirebaseStorageCombine-Community in Frameworks */ = {isa = PBXBuildFile; productRef = 2E1017332C5C04C300D8933B /* FirebaseStorageCombine-Community */; };
		2E1017362C5C04C300D8933B /* FirebaseVertexAI-Preview in Frameworks */ = {isa = PBXBuildFile; productRef = 2E1017352C5C04C300D8933B /* FirebaseVertexAI-Preview */; };
		2E2F2D3E2C62150500899778 /* AuthenticationView.swift in Sources */ = {isa = PBXBuildFile; fileRef = 2E2F2D3D2C62150500899778 /* AuthenticationView.swift */; };
		2E2F2D402C62169F00899778 /* SignInEmailView.swift in Sources */ = {isa = PBXBuildFile; fileRef = 2E2F2D3F2C62169F00899778 /* SignInEmailView.swift */; };
		2E2F2D422C62192E00899778 /* AuthenticationManager.swift in Sources */ = {isa = PBXBuildFile; fileRef = 2E2F2D412C62192E00899778 /* AuthenticationManager.swift */; };
		2E2F2D442C62236000899778 /* RootView.swift in Sources */ = {isa = PBXBuildFile; fileRef = 2E2F2D432C62236000899778 /* RootView.swift */; };
		2E2F2D462C62288B00899778 /* SettingsView.swift in Sources */ = {isa = PBXBuildFile; fileRef = 2E2F2D452C62288B00899778 /* SettingsView.swift */; };
		2E2F2D4A2C63A03000899778 /* SettingsViewModel.swift in Sources */ = {isa = PBXBuildFile; fileRef = 2E2F2D492C63A03000899778 /* SettingsViewModel.swift */; };
		2E2F2D4C2C63A0F600899778 /* SignInEmailViewModel.swift in Sources */ = {isa = PBXBuildFile; fileRef = 2E2F2D4B2C63A0F600899778 /* SignInEmailViewModel.swift */; };
		2E2F2D4E2C63A13C00899778 /* ProfileView.swift in Sources */ = {isa = PBXBuildFile; fileRef = 2E2F2D4D2C63A13C00899778 /* ProfileView.swift */; };
		2E2F2D512C63A54400899778 /* UserManager.swift in Sources */ = {isa = PBXBuildFile; fileRef = 2E2F2D502C63A54400899778 /* UserManager.swift */; };
		2E2F2D532C66054F00899778 /* GoogleService-Info.plist in Resources */ = {isa = PBXBuildFile; fileRef = 2E2F2D522C66054F00899778 /* GoogleService-Info.plist */; };
/* End PBXBuildFile section */

/* Begin PBXFileReference section */
		2E1016E32C46DA6C00D8933B /* Fitally.app */ = {isa = PBXFileReference; explicitFileType = wrapper.application; includeInIndex = 0; path = Fitally.app; sourceTree = BUILT_PRODUCTS_DIR; };
		2E1016E62C46DA6C00D8933B /* FitallyApp.swift */ = {isa = PBXFileReference; lastKnownFileType = sourcecode.swift; path = FitallyApp.swift; sourceTree = "<group>"; };
		2E1016E82C46DA6C00D8933B /* MainView.swift */ = {isa = PBXFileReference; lastKnownFileType = sourcecode.swift; path = MainView.swift; sourceTree = "<group>"; };
		2E1016EA2C46DA6E00D8933B /* Assets.xcassets */ = {isa = PBXFileReference; lastKnownFileType = folder.assetcatalog; path = Assets.xcassets; sourceTree = "<group>"; };
		2E1016ED2C46DA6E00D8933B /* Preview Assets.xcassets */ = {isa = PBXFileReference; lastKnownFileType = folder.assetcatalog; path = "Preview Assets.xcassets"; sourceTree = "<group>"; };
		2E1016F62C46DB8F00D8933B /* AddWorkoutView.swift */ = {isa = PBXFileReference; lastKnownFileType = sourcecode.swift; path = AddWorkoutView.swift; sourceTree = "<group>"; };
		2E1016F82C46DB9D00D8933B /* Workout.swift */ = {isa = PBXFileReference; lastKnownFileType = sourcecode.swift; path = Workout.swift; sourceTree = "<group>"; };
		2E1016FC2C46DFDA00D8933B /* ProgressView.swift */ = {isa = PBXFileReference; lastKnownFileType = sourcecode.swift; path = ProgressView.swift; sourceTree = "<group>"; };
		2E1016FE2C46F0DF00D8933B /* WorkoutView.swift */ = {isa = PBXFileReference; lastKnownFileType = sourcecode.swift; path = WorkoutView.swift; sourceTree = "<group>"; };
		2E1017002C48202700D8933B /* ExerciseView.swift */ = {isa = PBXFileReference; lastKnownFileType = sourcecode.swift; path = ExerciseView.swift; sourceTree = "<group>"; };
		2E1017022C482A3A00D8933B /* ExerciseInfoView.swift */ = {isa = PBXFileReference; lastKnownFileType = sourcecode.swift; path = ExerciseInfoView.swift; sourceTree = "<group>"; };
		2E2F2D3D2C62150500899778 /* AuthenticationView.swift */ = {isa = PBXFileReference; lastKnownFileType = sourcecode.swift; path = AuthenticationView.swift; sourceTree = "<group>"; };
		2E2F2D3F2C62169F00899778 /* SignInEmailView.swift */ = {isa = PBXFileReference; lastKnownFileType = sourcecode.swift; path = SignInEmailView.swift; sourceTree = "<group>"; };
		2E2F2D412C62192E00899778 /* AuthenticationManager.swift */ = {isa = PBXFileReference; lastKnownFileType = sourcecode.swift; path = AuthenticationManager.swift; sourceTree = "<group>"; };
		2E2F2D432C62236000899778 /* RootView.swift */ = {isa = PBXFileReference; lastKnownFileType = sourcecode.swift; path = RootView.swift; sourceTree = "<group>"; };
		2E2F2D452C62288B00899778 /* SettingsView.swift */ = {isa = PBXFileReference; lastKnownFileType = sourcecode.swift; path = SettingsView.swift; sourceTree = "<group>"; };
		2E2F2D492C63A03000899778 /* SettingsViewModel.swift */ = {isa = PBXFileReference; lastKnownFileType = sourcecode.swift; path = SettingsViewModel.swift; sourceTree = "<group>"; };
		2E2F2D4B2C63A0F600899778 /* SignInEmailViewModel.swift */ = {isa = PBXFileReference; lastKnownFileType = sourcecode.swift; path = SignInEmailViewModel.swift; sourceTree = "<group>"; };
		2E2F2D4D2C63A13C00899778 /* ProfileView.swift */ = {isa = PBXFileReference; lastKnownFileType = sourcecode.swift; path = ProfileView.swift; sourceTree = "<group>"; };
		2E2F2D502C63A54400899778 /* UserManager.swift */ = {isa = PBXFileReference; lastKnownFileType = sourcecode.swift; path = UserManager.swift; sourceTree = "<group>"; };
		2E2F2D522C66054F00899778 /* GoogleService-Info.plist */ = {isa = PBXFileReference; fileEncoding = 4; lastKnownFileType = text.plist.xml; path = "GoogleService-Info.plist"; sourceTree = "<group>"; };
/* End PBXFileReference section */

/* Begin PBXFrameworksBuildPhase section */
		2E1016E02C46DA6C00D8933B /* Frameworks */ = {
			isa = PBXFrameworksBuildPhase;
			buildActionMask = 2147483647;
			files = (
				2E1017342C5C04C300D8933B /* FirebaseStorageCombine-Community in Frameworks */,
				2E10172C2C5C04C300D8933B /* FirebaseMessaging in Frameworks */,
				2E10172A2C5C04C300D8933B /* FirebaseMLModelDownloader in Frameworks */,
				2E1017102C5C04C300D8933B /* FirebaseAppCheck in Frameworks */,
				2E1017142C5C04C300D8933B /* FirebaseAuth in Frameworks */,
				2E10170A2C5C04C300D8933B /* FirebaseAnalytics in Frameworks */,
				2E1017122C5C04C300D8933B /* FirebaseAppDistribution-Beta in Frameworks */,
				2E10170E2C5C04C300D8933B /* FirebaseAnalyticsWithoutAdIdSupport in Frameworks */,
				2E1017182C5C04C300D8933B /* FirebaseCrashlytics in Frameworks */,
				2E10171A2C5C04C300D8933B /* FirebaseDatabase in Frameworks */,
				2E1017242C5C04C300D8933B /* FirebaseFunctionsCombine-Community in Frameworks */,
				2E1017162C5C04C300D8933B /* FirebaseAuthCombine-Community in Frameworks */,
				2E1017322C5C04C300D8933B /* FirebaseStorage in Frameworks */,
				2E10170C2C5C04C300D8933B /* FirebaseAnalyticsOnDeviceConversion in Frameworks */,
				2E1017222C5C04C300D8933B /* FirebaseFunctions in Frameworks */,
				2E1017282C5C04C300D8933B /* FirebaseInstallations in Frameworks */,
				2E10172E2C5C04C300D8933B /* FirebasePerformance in Frameworks */,
				2E1017202C5C04C300D8933B /* FirebaseFirestoreCombine-Community in Frameworks */,
				2E10171E2C5C04C300D8933B /* FirebaseFirestore in Frameworks */,
				2E10171C2C5C04C300D8933B /* FirebaseDynamicLinks in Frameworks */,
				2E1017262C5C04C300D8933B /* FirebaseInAppMessaging-Beta in Frameworks */,
				2E1017362C5C04C300D8933B /* FirebaseVertexAI-Preview in Frameworks */,
				2E1017302C5C04C300D8933B /* FirebaseRemoteConfig in Frameworks */,
			);
			runOnlyForDeploymentPostprocessing = 0;
		};
/* End PBXFrameworksBuildPhase section */

/* Begin PBXGroup section */
		2E1016DA2C46DA6C00D8933B = {
			isa = PBXGroup;
			children = (
				2E1016E52C46DA6C00D8933B /* Fitally */,
				2E1016E42C46DA6C00D8933B /* Products */,
			);
			sourceTree = "<group>";
		};
		2E1016E42C46DA6C00D8933B /* Products */ = {
			isa = PBXGroup;
			children = (
				2E1016E32C46DA6C00D8933B /* Fitally.app */,
			);
			name = Products;
			sourceTree = "<group>";
		};
		2E1016E52C46DA6C00D8933B /* Fitally */ = {
			isa = PBXGroup;
			children = (
				2E1016E62C46DA6C00D8933B /* FitallyApp.swift */,
				2E1016FA2C46DBA200D8933B /* Views */,
				2E1016FB2C46DBAE00D8933B /* Models */,
				2E1017372C5C090C00D8933B /* Authentication */,
				2E2F2D4F2C63A52700899778 /* Firestore */,
				2E1016EA2C46DA6E00D8933B /* Assets.xcassets */,
				2E1016EC2C46DA6E00D8933B /* Preview Content */,
				2E2F2D522C66054F00899778 /* GoogleService-Info.plist */,
			);
			path = Fitally;
			sourceTree = "<group>";
		};
		2E1016EC2C46DA6E00D8933B /* Preview Content */ = {
			isa = PBXGroup;
			children = (
				2E1016ED2C46DA6E00D8933B /* Preview Assets.xcassets */,
			);
			path = "Preview Content";
			sourceTree = "<group>";
		};
		2E1016FA2C46DBA200D8933B /* Views */ = {
			isa = PBXGroup;
			children = (
				2E1016E82C46DA6C00D8933B /* MainView.swift */,
				2E1016FE2C46F0DF00D8933B /* WorkoutView.swift */,
				2E1016F62C46DB8F00D8933B /* AddWorkoutView.swift */,
				2E1017042C48328200D8933B /* Exercise */,
				2E1017052C4832AC00D8933B /* ProgressView */,
				2E2F2D472C639FAF00899778 /* Core */,
			);
			path = Views;
			sourceTree = "<group>";
		};
		2E1016FB2C46DBAE00D8933B /* Models */ = {
			isa = PBXGroup;
			children = (
				2E1016F82C46DB9D00D8933B /* Workout.swift */,
			);
			path = Models;
			sourceTree = "<group>";
		};
		2E1017042C48328200D8933B /* Exercise */ = {
			isa = PBXGroup;
			children = (
				2E1017002C48202700D8933B /* ExerciseView.swift */,
				2E1017022C482A3A00D8933B /* ExerciseInfoView.swift */,
			);
			path = Exercise;
			sourceTree = "<group>";
		};
		2E1017052C4832AC00D8933B /* ProgressView */ = {
			isa = PBXGroup;
			children = (
				2E1016FC2C46DFDA00D8933B /* ProgressView.swift */,
			);
			path = ProgressView;
			sourceTree = "<group>";
		};
		2E1017372C5C090C00D8933B /* Authentication */ = {
			isa = PBXGroup;
			children = (
				2E2F2D412C62192E00899778 /* AuthenticationManager.swift */,
			);
			path = Authentication;
			sourceTree = "<group>";
		};
		2E2F2D472C639FAF00899778 /* Core */ = {
			isa = PBXGroup;
			children = (
				2E2F2D4D2C63A13C00899778 /* ProfileView.swift */,
				2E2F2D432C62236000899778 /* RootView.swift */,
				2E2F2D3D2C62150500899778 /* AuthenticationView.swift */,
				2E2F2D3F2C62169F00899778 /* SignInEmailView.swift */,
				2E2F2D4B2C63A0F600899778 /* SignInEmailViewModel.swift */,
				2E2F2D482C63A01700899778 /* Settings */,
			);
			path = Core;
			sourceTree = "<group>";
		};
		2E2F2D482C63A01700899778 /* Settings */ = {
			isa = PBXGroup;
			children = (
				2E2F2D452C62288B00899778 /* SettingsView.swift */,
				2E2F2D492C63A03000899778 /* SettingsViewModel.swift */,
			);
			path = Settings;
			sourceTree = "<group>";
		};
		2E2F2D4F2C63A52700899778 /* Firestore */ = {
			isa = PBXGroup;
			children = (
				2E2F2D502C63A54400899778 /* UserManager.swift */,
			);
			path = Firestore;
			sourceTree = "<group>";
		};
/* End PBXGroup section */

/* Begin PBXNativeTarget section */
		2E1016E22C46DA6C00D8933B /* Fitally */ = {
			isa = PBXNativeTarget;
			buildConfigurationList = 2E1016F12C46DA6E00D8933B /* Build configuration list for PBXNativeTarget "Fitally" */;
			buildPhases = (
				2E1016DF2C46DA6C00D8933B /* Sources */,
				2E1016E02C46DA6C00D8933B /* Frameworks */,
				2E1016E12C46DA6C00D8933B /* Resources */,
			);
			buildRules = (
			);
			dependencies = (
			);
			name = Fitally;
			packageProductDependencies = (
				2E1017092C5C04C300D8933B /* FirebaseAnalytics */,
				2E10170B2C5C04C300D8933B /* FirebaseAnalyticsOnDeviceConversion */,
				2E10170D2C5C04C300D8933B /* FirebaseAnalyticsWithoutAdIdSupport */,
				2E10170F2C5C04C300D8933B /* FirebaseAppCheck */,
				2E1017112C5C04C300D8933B /* FirebaseAppDistribution-Beta */,
				2E1017132C5C04C300D8933B /* FirebaseAuth */,
				2E1017152C5C04C300D8933B /* FirebaseAuthCombine-Community */,
				2E1017172C5C04C300D8933B /* FirebaseCrashlytics */,
				2E1017192C5C04C300D8933B /* FirebaseDatabase */,
				2E10171B2C5C04C300D8933B /* FirebaseDynamicLinks */,
				2E10171D2C5C04C300D8933B /* FirebaseFirestore */,
				2E10171F2C5C04C300D8933B /* FirebaseFirestoreCombine-Community */,
				2E1017212C5C04C300D8933B /* FirebaseFunctions */,
				2E1017232C5C04C300D8933B /* FirebaseFunctionsCombine-Community */,
				2E1017252C5C04C300D8933B /* FirebaseInAppMessaging-Beta */,
				2E1017272C5C04C300D8933B /* FirebaseInstallations */,
				2E1017292C5C04C300D8933B /* FirebaseMLModelDownloader */,
				2E10172B2C5C04C300D8933B /* FirebaseMessaging */,
				2E10172D2C5C04C300D8933B /* FirebasePerformance */,
				2E10172F2C5C04C300D8933B /* FirebaseRemoteConfig */,
				2E1017312C5C04C300D8933B /* FirebaseStorage */,
				2E1017332C5C04C300D8933B /* FirebaseStorageCombine-Community */,
				2E1017352C5C04C300D8933B /* FirebaseVertexAI-Preview */,
			);
			productName = Fitally;
			productReference = 2E1016E32C46DA6C00D8933B /* Fitally.app */;
			productType = "com.apple.product-type.application";
		};
/* End PBXNativeTarget section */

/* Begin PBXProject section */
		2E1016DB2C46DA6C00D8933B /* Project object */ = {
			isa = PBXProject;
			attributes = {
				BuildIndependentTargetsInParallel = 1;
				LastSwiftUpdateCheck = 1500;
				LastUpgradeCheck = 1500;
				TargetAttributes = {
					2E1016E22C46DA6C00D8933B = {
						CreatedOnToolsVersion = 15.0.1;
					};
				};
			};
			buildConfigurationList = 2E1016DE2C46DA6C00D8933B /* Build configuration list for PBXProject "Fitally" */;
			compatibilityVersion = "Xcode 14.0";
			developmentRegion = en;
			hasScannedForEncodings = 0;
			knownRegions = (
				en,
				Base,
			);
			mainGroup = 2E1016DA2C46DA6C00D8933B;
			packageReferences = (
				2E1017082C5C04C300D8933B /* XCRemoteSwiftPackageReference "firebase-ios-sdk" */,
			);
			productRefGroup = 2E1016E42C46DA6C00D8933B /* Products */;
			projectDirPath = "";
			projectRoot = "";
			targets = (
				2E1016E22C46DA6C00D8933B /* Fitally */,
			);
		};
/* End PBXProject section */

/* Begin PBXResourcesBuildPhase section */
		2E1016E12C46DA6C00D8933B /* Resources */ = {
			isa = PBXResourcesBuildPhase;
			buildActionMask = 2147483647;
			files = (
				2E1016EE2C46DA6E00D8933B /* Preview Assets.xcassets in Resources */,
				2E2F2D532C66054F00899778 /* GoogleService-Info.plist in Resources */,
				2E1016EB2C46DA6E00D8933B /* Assets.xcassets in Resources */,
			);
			runOnlyForDeploymentPostprocessing = 0;
		};
/* End PBXResourcesBuildPhase section */

/* Begin PBXSourcesBuildPhase section */
		2E1016DF2C46DA6C00D8933B /* Sources */ = {
			isa = PBXSourcesBuildPhase;
			buildActionMask = 2147483647;
			files = (
				2E1017032C482A3A00D8933B /* ExerciseInfoView.swift in Sources */,
				2E1016E92C46DA6C00D8933B /* MainView.swift in Sources */,
				2E2F2D422C62192E00899778 /* AuthenticationManager.swift in Sources */,
				2E1016F72C46DB8F00D8933B /* AddWorkoutView.swift in Sources */,
				2E1016F92C46DB9D00D8933B /* Workout.swift in Sources */,
				2E1016E72C46DA6C00D8933B /* FitallyApp.swift in Sources */,
				2E2F2D3E2C62150500899778 /* AuthenticationView.swift in Sources */,
				2E1016FF2C46F0DF00D8933B /* WorkoutView.swift in Sources */,
				2E2F2D4E2C63A13C00899778 /* ProfileView.swift in Sources */,
				2E2F2D442C62236000899778 /* RootView.swift in Sources */,
				2E1017012C48202700D8933B /* ExerciseView.swift in Sources */,
				2E1016FD2C46DFDA00D8933B /* ProgressView.swift in Sources */,
				2E2F2D402C62169F00899778 /* SignInEmailView.swift in Sources */,
				2E2F2D462C62288B00899778 /* SettingsView.swift in Sources */,
				2E2F2D4A2C63A03000899778 /* SettingsViewModel.swift in Sources */,
				2E2F2D4C2C63A0F600899778 /* SignInEmailViewModel.swift in Sources */,
				2E2F2D512C63A54400899778 /* UserManager.swift in Sources */,
			);
			runOnlyForDeploymentPostprocessing = 0;
		};
/* End PBXSourcesBuildPhase section */

/* Begin XCBuildConfiguration section */
		2E1016EF2C46DA6E00D8933B /* Debug */ = {
			isa = XCBuildConfiguration;
			buildSettings = {
				ALWAYS_SEARCH_USER_PATHS = NO;
				ASSETCATALOG_COMPILER_GENERATE_SWIFT_ASSET_SYMBOL_EXTENSIONS = YES;
				CLANG_ANALYZER_NONNULL = YES;
				CLANG_ANALYZER_NUMBER_OBJECT_CONVERSION = YES_AGGRESSIVE;
				CLANG_CXX_LANGUAGE_STANDARD = "gnu++20";
				CLANG_ENABLE_MODULES = YES;
				CLANG_ENABLE_OBJC_ARC = YES;
				CLANG_ENABLE_OBJC_WEAK = YES;
				CLANG_WARN_BLOCK_CAPTURE_AUTORELEASING = YES;
				CLANG_WARN_BOOL_CONVERSION = YES;
				CLANG_WARN_COMMA = YES;
				CLANG_WARN_CONSTANT_CONVERSION = YES;
				CLANG_WARN_DEPRECATED_OBJC_IMPLEMENTATIONS = YES;
				CLANG_WARN_DIRECT_OBJC_ISA_USAGE = YES_ERROR;
				CLANG_WARN_DOCUMENTATION_COMMENTS = YES;
				CLANG_WARN_EMPTY_BODY = YES;
				CLANG_WARN_ENUM_CONVERSION = YES;
				CLANG_WARN_INFINITE_RECURSION = YES;
				CLANG_WARN_INT_CONVERSION = YES;
				CLANG_WARN_NON_LITERAL_NULL_CONVERSION = YES;
				CLANG_WARN_OBJC_IMPLICIT_RETAIN_SELF = YES;
				CLANG_WARN_OBJC_LITERAL_CONVERSION = YES;
				CLANG_WARN_OBJC_ROOT_CLASS = YES_ERROR;
				CLANG_WARN_QUOTED_INCLUDE_IN_FRAMEWORK_HEADER = YES;
				CLANG_WARN_RANGE_LOOP_ANALYSIS = YES;
				CLANG_WARN_STRICT_PROTOTYPES = YES;
				CLANG_WARN_SUSPICIOUS_MOVE = YES;
				CLANG_WARN_UNGUARDED_AVAILABILITY = YES_AGGRESSIVE;
				CLANG_WARN_UNREACHABLE_CODE = YES;
				CLANG_WARN__DUPLICATE_METHOD_MATCH = YES;
				COPY_PHASE_STRIP = NO;
				DEBUG_INFORMATION_FORMAT = dwarf;
				ENABLE_STRICT_OBJC_MSGSEND = YES;
				ENABLE_TESTABILITY = YES;
				ENABLE_USER_SCRIPT_SANDBOXING = YES;
				GCC_C_LANGUAGE_STANDARD = gnu17;
				GCC_DYNAMIC_NO_PIC = NO;
				GCC_NO_COMMON_BLOCKS = YES;
				GCC_OPTIMIZATION_LEVEL = 0;
				GCC_PREPROCESSOR_DEFINITIONS = (
					"DEBUG=1",
					"$(inherited)",
				);
				GCC_WARN_64_TO_32_BIT_CONVERSION = YES;
				GCC_WARN_ABOUT_RETURN_TYPE = YES_ERROR;
				GCC_WARN_UNDECLARED_SELECTOR = YES;
				GCC_WARN_UNINITIALIZED_AUTOS = YES_AGGRESSIVE;
				GCC_WARN_UNUSED_FUNCTION = YES;
				GCC_WARN_UNUSED_VARIABLE = YES;
				IPHONEOS_DEPLOYMENT_TARGET = 17.0;
				LOCALIZATION_PREFERS_STRING_CATALOGS = YES;
				MTL_ENABLE_DEBUG_INFO = INCLUDE_SOURCE;
				MTL_FAST_MATH = YES;
				ONLY_ACTIVE_ARCH = YES;
				SDKROOT = iphoneos;
				SWIFT_ACTIVE_COMPILATION_CONDITIONS = "DEBUG $(inherited)";
				SWIFT_OPTIMIZATION_LEVEL = "-Onone";
			};
			name = Debug;
		};
		2E1016F02C46DA6E00D8933B /* Release */ = {
			isa = XCBuildConfiguration;
			buildSettings = {
				ALWAYS_SEARCH_USER_PATHS = NO;
				ASSETCATALOG_COMPILER_GENERATE_SWIFT_ASSET_SYMBOL_EXTENSIONS = YES;
				CLANG_ANALYZER_NONNULL = YES;
				CLANG_ANALYZER_NUMBER_OBJECT_CONVERSION = YES_AGGRESSIVE;
				CLANG_CXX_LANGUAGE_STANDARD = "gnu++20";
				CLANG_ENABLE_MODULES = YES;
				CLANG_ENABLE_OBJC_ARC = YES;
				CLANG_ENABLE_OBJC_WEAK = YES;
				CLANG_WARN_BLOCK_CAPTURE_AUTORELEASING = YES;
				CLANG_WARN_BOOL_CONVERSION = YES;
				CLANG_WARN_COMMA = YES;
				CLANG_WARN_CONSTANT_CONVERSION = YES;
				CLANG_WARN_DEPRECATED_OBJC_IMPLEMENTATIONS = YES;
				CLANG_WARN_DIRECT_OBJC_ISA_USAGE = YES_ERROR;
				CLANG_WARN_DOCUMENTATION_COMMENTS = YES;
				CLANG_WARN_EMPTY_BODY = YES;
				CLANG_WARN_ENUM_CONVERSION = YES;
				CLANG_WARN_INFINITE_RECURSION = YES;
				CLANG_WARN_INT_CONVERSION = YES;
				CLANG_WARN_NON_LITERAL_NULL_CONVERSION = YES;
				CLANG_WARN_OBJC_IMPLICIT_RETAIN_SELF = YES;
				CLANG_WARN_OBJC_LITERAL_CONVERSION = YES;
				CLANG_WARN_OBJC_ROOT_CLASS = YES_ERROR;
				CLANG_WARN_QUOTED_INCLUDE_IN_FRAMEWORK_HEADER = YES;
				CLANG_WARN_RANGE_LOOP_ANALYSIS = YES;
				CLANG_WARN_STRICT_PROTOTYPES = YES;
				CLANG_WARN_SUSPICIOUS_MOVE = YES;
				CLANG_WARN_UNGUARDED_AVAILABILITY = YES_AGGRESSIVE;
				CLANG_WARN_UNREACHABLE_CODE = YES;
				CLANG_WARN__DUPLICATE_METHOD_MATCH = YES;
				COPY_PHASE_STRIP = NO;
				DEBUG_INFORMATION_FORMAT = "dwarf-with-dsym";
				ENABLE_NS_ASSERTIONS = NO;
				ENABLE_STRICT_OBJC_MSGSEND = YES;
				ENABLE_USER_SCRIPT_SANDBOXING = YES;
				GCC_C_LANGUAGE_STANDARD = gnu17;
				GCC_NO_COMMON_BLOCKS = YES;
				GCC_WARN_64_TO_32_BIT_CONVERSION = YES;
				GCC_WARN_ABOUT_RETURN_TYPE = YES_ERROR;
				GCC_WARN_UNDECLARED_SELECTOR = YES;
				GCC_WARN_UNINITIALIZED_AUTOS = YES_AGGRESSIVE;
				GCC_WARN_UNUSED_FUNCTION = YES;
				GCC_WARN_UNUSED_VARIABLE = YES;
				IPHONEOS_DEPLOYMENT_TARGET = 17.0;
				LOCALIZATION_PREFERS_STRING_CATALOGS = YES;
				MTL_ENABLE_DEBUG_INFO = NO;
				MTL_FAST_MATH = YES;
				SDKROOT = iphoneos;
				SWIFT_COMPILATION_MODE = wholemodule;
				VALIDATE_PRODUCT = YES;
			};
			name = Release;
		};
		2E1016F22C46DA6E00D8933B /* Debug */ = {
			isa = XCBuildConfiguration;
			buildSettings = {
				ASSETCATALOG_COMPILER_APPICON_NAME = AppIcon;
				ASSETCATALOG_COMPILER_GLOBAL_ACCENT_COLOR_NAME = AccentColor;
				CODE_SIGN_STYLE = Automatic;
				CURRENT_PROJECT_VERSION = 1;
				DEVELOPMENT_ASSET_PATHS = "\"Fitally/Preview Content\"";
				DEVELOPMENT_TEAM = 434W4NYSB5;
				ENABLE_PREVIEWS = YES;
				GENERATE_INFOPLIST_FILE = YES;
				INFOPLIST_KEY_UIApplicationSceneManifest_Generation = YES;
				INFOPLIST_KEY_UIApplicationSupportsIndirectInputEvents = YES;
				INFOPLIST_KEY_UILaunchScreen_Generation = YES;
				INFOPLIST_KEY_UISupportedInterfaceOrientations_iPad = "UIInterfaceOrientationPortrait UIInterfaceOrientationPortraitUpsideDown UIInterfaceOrientationLandscapeLeft UIInterfaceOrientationLandscapeRight";
				INFOPLIST_KEY_UISupportedInterfaceOrientations_iPhone = "UIInterfaceOrientationPortrait UIInterfaceOrientationLandscapeLeft UIInterfaceOrientationLandscapeRight";
				LD_RUNPATH_SEARCH_PATHS = (
					"$(inherited)",
					"@executable_path/Frameworks",
				);
				MARKETING_VERSION = 1.0;
				PRODUCT_BUNDLE_IDENTIFIER = com.mateuszzeu.Fitally;
				PRODUCT_NAME = "$(TARGET_NAME)";
				SWIFT_EMIT_LOC_STRINGS = YES;
				SWIFT_VERSION = 5.0;
				TARGETED_DEVICE_FAMILY = "1,2";
			};
			name = Debug;
		};
		2E1016F32C46DA6E00D8933B /* Release */ = {
			isa = XCBuildConfiguration;
			buildSettings = {
				ASSETCATALOG_COMPILER_APPICON_NAME = AppIcon;
				ASSETCATALOG_COMPILER_GLOBAL_ACCENT_COLOR_NAME = AccentColor;
				CODE_SIGN_STYLE = Automatic;
				CURRENT_PROJECT_VERSION = 1;
				DEVELOPMENT_ASSET_PATHS = "\"Fitally/Preview Content\"";
				DEVELOPMENT_TEAM = 434W4NYSB5;
				ENABLE_PREVIEWS = YES;
				GENERATE_INFOPLIST_FILE = YES;
				INFOPLIST_KEY_UIApplicationSceneManifest_Generation = YES;
				INFOPLIST_KEY_UIApplicationSupportsIndirectInputEvents = YES;
				INFOPLIST_KEY_UILaunchScreen_Generation = YES;
				INFOPLIST_KEY_UISupportedInterfaceOrientations_iPad = "UIInterfaceOrientationPortrait UIInterfaceOrientationPortraitUpsideDown UIInterfaceOrientationLandscapeLeft UIInterfaceOrientationLandscapeRight";
				INFOPLIST_KEY_UISupportedInterfaceOrientations_iPhone = "UIInterfaceOrientationPortrait UIInterfaceOrientationLandscapeLeft UIInterfaceOrientationLandscapeRight";
				LD_RUNPATH_SEARCH_PATHS = (
					"$(inherited)",
					"@executable_path/Frameworks",
				);
				MARKETING_VERSION = 1.0;
				PRODUCT_BUNDLE_IDENTIFIER = com.mateuszzeu.Fitally;
				PRODUCT_NAME = "$(TARGET_NAME)";
				SWIFT_EMIT_LOC_STRINGS = YES;
				SWIFT_VERSION = 5.0;
				TARGETED_DEVICE_FAMILY = "1,2";
			};
			name = Release;
		};
/* End XCBuildConfiguration section */

/* Begin XCConfigurationList section */
		2E1016DE2C46DA6C00D8933B /* Build configuration list for PBXProject "Fitally" */ = {
			isa = XCConfigurationList;
			buildConfigurations = (
				2E1016EF2C46DA6E00D8933B /* Debug */,
				2E1016F02C46DA6E00D8933B /* Release */,
			);
			defaultConfigurationIsVisible = 0;
			defaultConfigurationName = Release;
		};
		2E1016F12C46DA6E00D8933B /* Build configuration list for PBXNativeTarget "Fitally" */ = {
			isa = XCConfigurationList;
			buildConfigurations = (
				2E1016F22C46DA6E00D8933B /* Debug */,
				2E1016F32C46DA6E00D8933B /* Release */,
			);
			defaultConfigurationIsVisible = 0;
			defaultConfigurationName = Release;
		};
/* End XCConfigurationList section */

/* Begin XCRemoteSwiftPackageReference section */
		2E1017082C5C04C300D8933B /* XCRemoteSwiftPackageReference "firebase-ios-sdk" */ = {
			isa = XCRemoteSwiftPackageReference;
			repositoryURL = "https://github.com/firebase/firebase-ios-sdk.git";
			requirement = {
				kind = upToNextMajorVersion;
				minimumVersion = 11.0.0;
			};
		};
/* End XCRemoteSwiftPackageReference section */

/* Begin XCSwiftPackageProductDependency section */
		2E1017092C5C04C300D8933B /* FirebaseAnalytics */ = {
			isa = XCSwiftPackageProductDependency;
			package = 2E1017082C5C04C300D8933B /* XCRemoteSwiftPackageReference "firebase-ios-sdk" */;
			productName = FirebaseAnalytics;
		};
		2E10170B2C5C04C300D8933B /* FirebaseAnalyticsOnDeviceConversion */ = {
			isa = XCSwiftPackageProductDependency;
			package = 2E1017082C5C04C300D8933B /* XCRemoteSwiftPackageReference "firebase-ios-sdk" */;
			productName = FirebaseAnalyticsOnDeviceConversion;
		};
		2E10170D2C5C04C300D8933B /* FirebaseAnalyticsWithoutAdIdSupport */ = {
			isa = XCSwiftPackageProductDependency;
			package = 2E1017082C5C04C300D8933B /* XCRemoteSwiftPackageReference "firebase-ios-sdk" */;
			productName = FirebaseAnalyticsWithoutAdIdSupport;
		};
		2E10170F2C5C04C300D8933B /* FirebaseAppCheck */ = {
			isa = XCSwiftPackageProductDependency;
			package = 2E1017082C5C04C300D8933B /* XCRemoteSwiftPackageReference "firebase-ios-sdk" */;
			productName = FirebaseAppCheck;
		};
		2E1017112C5C04C300D8933B /* FirebaseAppDistribution-Beta */ = {
			isa = XCSwiftPackageProductDependency;
			package = 2E1017082C5C04C300D8933B /* XCRemoteSwiftPackageReference "firebase-ios-sdk" */;
			productName = "FirebaseAppDistribution-Beta";
		};
		2E1017132C5C04C300D8933B /* FirebaseAuth */ = {
			isa = XCSwiftPackageProductDependency;
			package = 2E1017082C5C04C300D8933B /* XCRemoteSwiftPackageReference "firebase-ios-sdk" */;
			productName = FirebaseAuth;
		};
		2E1017152C5C04C300D8933B /* FirebaseAuthCombine-Community */ = {
			isa = XCSwiftPackageProductDependency;
			package = 2E1017082C5C04C300D8933B /* XCRemoteSwiftPackageReference "firebase-ios-sdk" */;
			productName = "FirebaseAuthCombine-Community";
		};
		2E1017172C5C04C300D8933B /* FirebaseCrashlytics */ = {
			isa = XCSwiftPackageProductDependency;
			package = 2E1017082C5C04C300D8933B /* XCRemoteSwiftPackageReference "firebase-ios-sdk" */;
			productName = FirebaseCrashlytics;
		};
		2E1017192C5C04C300D8933B /* FirebaseDatabase */ = {
			isa = XCSwiftPackageProductDependency;
			package = 2E1017082C5C04C300D8933B /* XCRemoteSwiftPackageReference "firebase-ios-sdk" */;
			productName = FirebaseDatabase;
		};
		2E10171B2C5C04C300D8933B /* FirebaseDynamicLinks */ = {
			isa = XCSwiftPackageProductDependency;
			package = 2E1017082C5C04C300D8933B /* XCRemoteSwiftPackageReference "firebase-ios-sdk" */;
			productName = FirebaseDynamicLinks;
		};
		2E10171D2C5C04C300D8933B /* FirebaseFirestore */ = {
			isa = XCSwiftPackageProductDependency;
			package = 2E1017082C5C04C300D8933B /* XCRemoteSwiftPackageReference "firebase-ios-sdk" */;
			productName = FirebaseFirestore;
		};
		2E10171F2C5C04C300D8933B /* FirebaseFirestoreCombine-Community */ = {
			isa = XCSwiftPackageProductDependency;
			package = 2E1017082C5C04C300D8933B /* XCRemoteSwiftPackageReference "firebase-ios-sdk" */;
			productName = "FirebaseFirestoreCombine-Community";
		};
		2E1017212C5C04C300D8933B /* FirebaseFunctions */ = {
			isa = XCSwiftPackageProductDependency;
			package = 2E1017082C5C04C300D8933B /* XCRemoteSwiftPackageReference "firebase-ios-sdk" */;
			productName = FirebaseFunctions;
		};
		2E1017232C5C04C300D8933B /* FirebaseFunctionsCombine-Community */ = {
			isa = XCSwiftPackageProductDependency;
			package = 2E1017082C5C04C300D8933B /* XCRemoteSwiftPackageReference "firebase-ios-sdk" */;
			productName = "FirebaseFunctionsCombine-Community";
		};
		2E1017252C5C04C300D8933B /* FirebaseInAppMessaging-Beta */ = {
			isa = XCSwiftPackageProductDependency;
			package = 2E1017082C5C04C300D8933B /* XCRemoteSwiftPackageReference "firebase-ios-sdk" */;
			productName = "FirebaseInAppMessaging-Beta";
		};
		2E1017272C5C04C300D8933B /* FirebaseInstallations */ = {
			isa = XCSwiftPackageProductDependency;
			package = 2E1017082C5C04C300D8933B /* XCRemoteSwiftPackageReference "firebase-ios-sdk" */;
			productName = FirebaseInstallations;
		};
		2E1017292C5C04C300D8933B /* FirebaseMLModelDownloader */ = {
			isa = XCSwiftPackageProductDependency;
			package = 2E1017082C5C04C300D8933B /* XCRemoteSwiftPackageReference "firebase-ios-sdk" */;
			productName = FirebaseMLModelDownloader;
		};
		2E10172B2C5C04C300D8933B /* FirebaseMessaging */ = {
			isa = XCSwiftPackageProductDependency;
			package = 2E1017082C5C04C300D8933B /* XCRemoteSwiftPackageReference "firebase-ios-sdk" */;
			productName = FirebaseMessaging;
		};
		2E10172D2C5C04C300D8933B /* FirebasePerformance */ = {
			isa = XCSwiftPackageProductDependency;
			package = 2E1017082C5C04C300D8933B /* XCRemoteSwiftPackageReference "firebase-ios-sdk" */;
			productName = FirebasePerformance;
		};
		2E10172F2C5C04C300D8933B /* FirebaseRemoteConfig */ = {
			isa = XCSwiftPackageProductDependency;
			package = 2E1017082C5C04C300D8933B /* XCRemoteSwiftPackageReference "firebase-ios-sdk" */;
			productName = FirebaseRemoteConfig;
		};
		2E1017312C5C04C300D8933B /* FirebaseStorage */ = {
			isa = XCSwiftPackageProductDependency;
			package = 2E1017082C5C04C300D8933B /* XCRemoteSwiftPackageReference "firebase-ios-sdk" */;
			productName = FirebaseStorage;
		};
		2E1017332C5C04C300D8933B /* FirebaseStorageCombine-Community */ = {
			isa = XCSwiftPackageProductDependency;
			package = 2E1017082C5C04C300D8933B /* XCRemoteSwiftPackageReference "firebase-ios-sdk" */;
			productName = "FirebaseStorageCombine-Community";
		};
		2E1017352C5C04C300D8933B /* FirebaseVertexAI-Preview */ = {
			isa = XCSwiftPackageProductDependency;
			package = 2E1017082C5C04C300D8933B /* XCRemoteSwiftPackageReference "firebase-ios-sdk" */;
			productName = "FirebaseVertexAI-Preview";
		};
/* End XCSwiftPackageProductDependency section */
	};
	rootObject = 2E1016DB2C46DA6C00D8933B /* Project object */;
}
